
Microsoft Visual Studio Solution File, Format Version 12.00
# Visual Studio 2012
Project("{FAE04EC0-301F-11D3-BF4B-00C04F79EFBC}") = "CS481Final", "CS481Final\CS481Final.csproj", "{B2765760-1D34-4634-BF90-5620B05DC906}"
EndProject
Project("{FAE04EC0-301F-11D3-BF4B-00C04F79EFBC}") = "CS481Final.iOS", "iOS\CS481Final.iOS.csproj", "{BD3C4CCB-3CE2-47BA-B064-F4D2700AC735}"
EndProject
Project("{FAE04EC0-301F-11D3-BF4B-00C04F79EFBC}") = "CS481Final.Droid", "Droid\CS481Final.Droid.csproj", "{C00EDCF5-2082-483D-A756-9C3BABD11C43}"
EndProject
Global
	GlobalSection(SolutionConfigurationPlatforms) = preSolution
		Debug|Any CPU = Debug|Any CPU
		Release|Any CPU = Release|Any CPU
		Debug|iPhoneSimulator = Debug|iPhoneSimulator
		Release|iPhone = Release|iPhone
		Release|iPhoneSimulator = Release|iPhoneSimulator
		Debug|iPhone = Debug|iPhone
	EndGlobalSection
	GlobalSection(ProjectConfigurationPlatforms) = postSolution
		{B2765760-1D34-4634-BF90-5620B05DC906}.Debug|Any CPU.ActiveCfg = Debug|Any CPU
		{B2765760-1D34-4634-BF90-5620B05DC906}.Debug|Any CPU.Build.0 = Debug|Any CPU
		{B2765760-1D34-4634-BF90-5620B05DC906}.Release|Any CPU.ActiveCfg = Release|Any CPU
		{B2765760-1D34-4634-BF90-5620B05DC906}.Release|Any CPU.Build.0 = Release|Any CPU
		{B2765760-1D34-4634-BF90-5620B05DC906}.Debug|iPhoneSimulator.ActiveCfg = Debug|Any CPU
		{B2765760-1D34-4634-BF90-5620B05DC906}.Debug|iPhoneSimulator.Build.0 = Debug|Any CPU
		{B2765760-1D34-4634-BF90-5620B05DC906}.Release|iPhone.ActiveCfg = Release|Any CPU
		{B2765760-1D34-4634-BF90-5620B05DC906}.Release|iPhone.Build.0 = Release|Any CPU
		{B2765760-1D34-4634-BF90-5620B05DC906}.Release|iPhoneSimulator.ActiveCfg = Release|Any CPU
		{B2765760-1D34-4634-BF90-5620B05DC906}.Release|iPhoneSimulator.Build.0 = Release|Any CPU
		{B2765760-1D34-4634-BF90-5620B05DC906}.Debug|iPhone.ActiveCfg = Debug|Any CPU
		{B2765760-1D34-4634-BF90-5620B05DC906}.Debug|iPhone.Build.0 = Debug|Any CPU
		{BD3C4CCB-3CE2-47BA-B064-F4D2700AC735}.Debug|Any CPU.ActiveCfg = Debug|iPhoneSimulator
		{BD3C4CCB-3CE2-47BA-B064-F4D2700AC735}.Debug|Any CPU.Build.0 = Debug|iPhoneSimulator
		{BD3C4CCB-3CE2-47BA-B064-F4D2700AC735}.Release|Any CPU.ActiveCfg = Release|iPhone
		{BD3C4CCB-3CE2-47BA-B064-F4D2700AC735}.Release|Any CPU.Build.0 = Release|iPhone
		{BD3C4CCB-3CE2-47BA-B064-F4D2700AC735}.Debug|iPhoneSimulator.ActiveCfg = Debug|iPhoneSimulator
		{BD3C4CCB-3CE2-47BA-B064-F4D2700AC735}.Debug|iPhoneSimulator.Build.0 = Debug|iPhoneSimulator
		{BD3C4CCB-3CE2-47BA-B064-F4D2700AC735}.Release|iPhone.ActiveCfg = Release|iPhone
		{BD3C4CCB-3CE2-47BA-B064-F4D2700AC735}.Release|iPhone.Build.0 = Release|iPhone
		{BD3C4CCB-3CE2-47BA-B064-F4D2700AC735}.Release|iPhoneSimulator.ActiveCfg = Release|iPhoneSimulator
		{BD3C4CCB-3CE2-47BA-B064-F4D2700AC735}.Release|iPhoneSimulator.Build.0 = Release|iPhoneSimulator
		{BD3C4CCB-3CE2-47BA-B064-F4D2700AC735}.Debug|iPhone.ActiveCfg = Debug|iPhone
		{BD3C4CCB-3CE2-47BA-B064-F4D2700AC735}.Debug|iPhone.Build.0 = Debug|iPhone
		{C00EDCF5-2082-483D-A756-9C3BABD11C43}.Debug|Any CPU.ActiveCfg = Debug|Any CPU
		{C00EDCF5-2082-483D-A756-9C3BABD11C43}.Debug|Any CPU.Build.0 = Debug|Any CPU
		{C00EDCF5-2082-483D-A756-9C3BABD11C43}.Release|Any CPU.ActiveCfg = Release|Any CPU
		{C00EDCF5-2082-483D-A756-9C3BABD11C43}.Release|Any CPU.Build.0 = Release|Any CPU
		{C00EDCF5-2082-483D-A756-9C3BABD11C43}.Debug|iPhoneSimulator.ActiveCfg = Debug|Any CPU
		{C00EDCF5-2082-483D-A756-9C3BABD11C43}.Debug|iPhoneSimulator.Build.0 = Debug|Any CPU
		{C00EDCF5-2082-483D-A756-9C3BABD11C43}.Release|iPhone.ActiveCfg = Release|Any CPU
		{C00EDCF5-2082-483D-A756-9C3BABD11C43}.Release|iPhone.Build.0 = Release|Any CPU
		{C00EDCF5-2082-483D-A756-9C3BABD11C43}.Release|iPhoneSimulator.ActiveCfg = Release|Any CPU
		{C00EDCF5-2082-483D-A756-9C3BABD11C43}.Release|iPhoneSimulator.Build.0 = Release|Any CPU
		{C00EDCF5-2082-483D-A756-9C3BABD11C43}.Debug|iPhone.ActiveCfg = Debug|Any CPU
		{C00EDCF5-2082-483D-A756-9C3BABD11C43}.Debug|iPhone.Build.0 = Debug|Any CPU
	EndGlobalSection
EndGlobal
